
Microsoft Visual Studio Solution File, Format Version 12.00
# Visual Studio Version 16
VisualStudioVersion = 16.0.30804.86
MinimumVisualStudioVersion = 10.0.40219.1
Project("{9A19103F-16F7-4668-BE54-9A1E7A4F7556}") = "FlickClick", "FlickClick.csproj", "{383ABBA6-812C-49E8-8DF0-35F9ABA1B934}"
EndProject
Project("{FAE04EC0-301F-11D3-BF4B-00C04F79EFBC}") = "FlickClick.BL", "..\FlickClick.BL\FlickClick.BL.csproj", "{9F3279F5-E31B-4794-BA8C-7089CB95FF05}"
EndProject
Global
	GlobalSection(SolutionConfigurationPlatforms) = preSolution
		Debug|Any CPU = Debug|Any CPU
		Release|Any CPU = Release|Any CPU
	EndGlobalSection
	GlobalSection(ProjectConfigurationPlatforms) = postSolution
		{383ABBA6-812C-49E8-8DF0-35F9ABA1B934}.Debug|Any CPU.ActiveCfg = Debug|Any CPU
		{383ABBA6-812C-49E8-8DF0-35F9ABA1B934}.Debug|Any CPU.Build.0 = Debug|Any CPU
		{383ABBA6-812C-49E8-8DF0-35F9ABA1B934}.Release|Any CPU.ActiveCfg = Release|Any CPU
		{383ABBA6-812C-49E8-8DF0-35F9ABA1B934}.Release|Any CPU.Build.0 = Release|Any CPU
		{9F3279F5-E31B-4794-BA8C-7089CB95FF05}.Debug|Any CPU.ActiveCfg = Debug|Any CPU
		{9F3279F5-E31B-4794-BA8C-7089CB95FF05}.Debug|Any CPU.Build.0 = Debug|Any CPU
		{9F3279F5-E31B-4794-BA8C-7089CB95FF05}.Release|Any CPU.ActiveCfg = Release|Any CPU
		{9F3279F5-E31B-4794-BA8C-7089CB95FF05}.Release|Any CPU.Build.0 = Release|Any CPU
	EndGlobalSection
	GlobalSection(SolutionProperties) = preSolution
		HideSolutionNode = FALSE
	EndGlobalSection
	GlobalSection(ExtensibilityGlobals) = postSolution
		SolutionGuid = {0B796DE9-29E4-4539-99B1-626634A10180}
	EndGlobalSection
EndGlobal
